github.com/beorn7/perks v1.0.1 h1:VlbKKnNfV8bJzeqoa4cOKqO6bYr3WgKZxO8Z16+hsOM=
github.com/beorn7/perks v1.0.1/go.mod h1:G2ZrVWU2WbWT9wwq4/hrbKbnv/1ERSJQ0ibhJ6rlkpw=
github.com/cespare/xxhash/v2 v2.2.0 h1:DC2CZ1Ep5Y4k3ZQ899DldepgrayRUGE6BBZ/cd9Cj44=
github.com/cespare/xxhash/v2 v2.2.0/go.mod h1:VGX0DQ3Q6kWi7AoAeZDth3/j3BFtOZR5XLFGgcrjCOs=
github.com/davecgh/go-spew v1.1.1 h1:vj9j/u1bqnvCEfJOwUhtlOARqs3+rkHYY13jYWTU97c=
github.com/dustin/go-humanize v1.0.1 h1:GzkhY7T5VNhEkwH0PVJgjz+fX1rhBrR7pRT3mDkpeCY=
github.com/dustin/go-humanize v1.0.1/go.mod h1:Mu1zIs6XwVuF/gI1OepvI0qD18qycQx+mFykh5fBlto=
github.com/golang/protobuf v1.2.0/go.mod h1:6lQm79b+lXiMfvg/cZm0SGofjICqVBUtrP5yJMmIC1U=
github.com/golang/protobuf v1.3.5/go.mod h1:6O5/vntMXwX2lRkT1hjjk0nAC1IDOTvTlVgjlRvqsdk=
github.com/golang/protobuf v1.5.0/go.mod h1:FsONVRAS9T7sI+LIUmWTfcYkHO4aIWwzhcaSAoJOfIk=
github.com/golang/protobuf v1.5.2 h1:ROPKBNFfQgOUMifHyP+KYbvpjbdoFNs+aK7DXlji0Tw=
github.com/golang/protobuf v1.5.2/go.mod h1:XVQd3VNwM+JqD3oG2Ue2ip4fOMUkwXdXDdiuN0vRsmY=
github.com/google/go-cmp v0.5.5/go.mod h1:v8dTdLbMG2kIc/vJvl+f65V22dbkXbowE6jgT/gNBxE=
github.com/google/go-cmp v0.5.9 h1:O2Tfq5qg4qc4AmwVlvv0oLiVAGB7enBSJ2x2DqQFi38=
github.com/lib/pq v1.10.7 h1:p7ZhMD+KsSRozJr34udlUrhboJwWAgCg34+/ZZNvZZw=
github.com/lib/pq v1.10.7/go.mod h1:AlVN5x4E4T544tWzH6hKfbfQvm3HdbOxrmggDNAPY9o=
github.com/matttproud/golang_protobuf_extensions v1.0.4 h1:mmDVorXM7PCGKw94cs5zkfA9PSy5pEvNWRP0ET0TIVo=
github.com/matttproud/golang_protobuf_extensions v1.0.4/go.mod h1:BSXmuO+STAnVfrANrmjBb36TMTDstsz7MSK+HVaYKv4=
github.com/prometheus/client_golang v1.14.0 h1:nJdhIvne2eSX/XRAFV9PcvFFRbrjbcTUj0VP62TMhnw=
github.com/prometheus/client_golang v1.14.0/go.mod h1:8vpkKitgIVNcqrRBWh1C4TIUQgYNtG/XQE4E/Zae36Y=
github.com/prometheus/client_model v0.3.0 h1:UBgGFHqYdG/TPFD1B1ogZywDqEkwp3fBMvqdiQ7Xew4=
github.com/prometheus/client_model v0.3.0/go.mod h1:LDGWKZIo7rky3hgvBe+caln+Dr3dPggB5dvjtD7w9+w=
github.com/prometheus/common v0.39.0 h1:oOyhkDq05hPZKItWVBkJ6g6AtGxi+fy7F4JvUV8uhsI=
github.com/prometheus/common v0.39.0/go.mod h1:6XBZ7lYdLCbkAVhwRsWTZn+IN5AB9F/NXd5w0BbEX0Y=
github.com/prometheus/procfs v0.9.0 h1:wzCHvIvM5SxWqYvwgVL7yJY8Lz3PKn49KQtpgMYJfhI=
github.com/prometheus/procfs v0.9.0/go.mod h1:+pB4zwohETzFnmlpe6yd2lSc+0/46IYZRB/chUwxUZY=
golang.conradwood.net/apis/auth v1.1.2143 h1:DtwMrQBbr+gPsBRDNSfuX4LAwLSM2USRt8TzLTQGXns=
golang.conradwood.net/apis/auth v1.1.2143/go.mod h1:AZOAVQmENE9+fRx/KZeKzbOFBIKIYPzW2gsiJejSFjY=
golang.conradwood.net/apis/autodeployer v1.1.2143 h1:J/0s2JOtq46YCmms+NOQ4v60aEN5txc6NX7/l6T3AwQ=
golang.conradwood.net/apis/autodeployer v1.1.2143/go.mod h1:jdCAenxSiFg1gAIkLBrgiIf/3MRBsjTccqgOk9rk6PA=
golang.conradwood.net/apis/common v1.1.2143 h1:aGQJ6IRRM5VRodgAfAGih3Qo/vMHbYnzjypD2PsTB/Q=
golang.conradwood.net/apis/common v1.1.2143/go.mod h1:zt23Wg9H02We7jxWY8YzYGgLcBBtpeu2Onm0Ztc5/8o=
golang.conradwood.net/apis/deploymonkey v1.1.2143 h1:HEl0EXn80tSddBenON1CdMo4VDHfsXBKKah1RszM8No=
golang.conradwood.net/apis/deploymonkey v1.1.2143/go.mod h1:+JVv5KFs4cOCjtYPw8o9OtXxnpuwldkIEZN3LAkQ2w8=
golang.conradwood.net/apis/echoservice v1.1.2143 h1:1fRP6X1MV7RpopFYkT2dFUbkdgxjiGKYAEZeUbjmSo0=
golang.conradwood.net/apis/echoservice v1.1.2143/go.mod h1:+LWdMSjg/y+SV2DOyC0HUl46/iE9cRERF9Rqz8aRZmQ=
golang.conradwood.net/apis/errorlogger v1.1.2143 h1:6Aoa/fvrxDYFeIjl7sCa6DCqIQihuIVQh9I1lhQZNQQ=
golang.conradwood.net/apis/errorlogger v1.1.2143/go.mod h1:NMQpHNe1nTCUucqS43k0cOpXr728aZdGz4zG32xOzkU=
golang.conradwood.net/apis/framework v1.1.2143 h1:QCTJXRNysJfR4/IKLTidHmxtbdhitKT4QIVejmDEBqM=
golang.conradwood.net/apis/framework v1.1.2143/go.mod h1:OOeeZsbviVI3g/sEsQTYofGaRtwmvMzRjGguRj0q018=
golang.conradwood.net/apis/goeasyops v1.1.2143 h1:Ffp0MSHaVAqjBpMZCM/lSsJ8Gg6kNimkzgoGOu0gTLg=
golang.conradwood.net/apis/goeasyops v1.1.2143/go.mod h1:2isttsMqTdaMamjr8uvDGFLwDaOGk4MMiXdiGhtq0lY=
golang.conradwood.net/apis/h2gproxy v1.1.2143 h1:pno64aPVmipmHUS02KsfAVLkBKcMx7O64/0v+qbAxXU=
golang.conradwood.net/apis/h2gproxy v1.1.2143/go.mod h1:H6Pamr1R9kaUgsp9/h9lpbCsOVKxXrCAsXV/1lpZfPk=
golang.conradwood.net/apis/objectstore v1.1.2143 h1:3MnXPmfFXCSW/865w5EWOkNXzyUsQXnLO7tSmqnlM4k=
golang.conradwood.net/apis/objectstore v1.1.2143/go.mod h1:6OY6PYQ83waYRkGXjFgAUHHawyS1SnC685p1/1tItjI=
golang.conradwood.net/apis/registry v1.1.2143 h1:G5pq5dBj/tKS5ss5jv2jI5yCoxREbMjB+KuY/xElOgQ=
golang.conradwood.net/apis/registry v1.1.2143/go.mod h1:qf48YRoAajNBX5DotiFQjNYoeK5wPWjnI/t+BKhkJeM=
golang.conradwood.net/apis/rpcinterceptor v1.1.2143 h1:5D4nvVf9FNlAvkwcc8bVM1DwW2f68xrKnn09+XUHft4=
golang.conradwood.net/apis/rpcinterceptor v1.1.2143/go.mod h1:8jX4NxbOrZ+rgeghLfyAGD2GOZYKuAZmFlvDStNcYT4=
golang.conradwood.net/go-easyops v0.1.16035 h1:GBoq1C75ccPQKIqrYyBvB1csNqRYdmsgemc4ycKeZSc=
golang.conradwood.net/go-easyops v0.1.16035/go.mod h1:ktYKHhBLaWt06KAXfT3hxYUPIAxSkv8ve8XR6SfNpz8=
golang.org/x/net v0.5.0 h1:GyT4nK/YDHSqa1c4753ouYCDajOYKTja9Xb/OHtgvSw=
golang.org/x/net v0.5.0/go.mod h1:DivGGAXEgPSlEBzxGzZI+ZLohi+xUj054jfeKui00ws=
golang.org/x/sync v0.0.0-20181221193216-37e7f081c4d4/go.mod h1:RxMgew5VJxzue5/jJTE5uejpjVlOe/izrB70Jof72aM=
golang.org/x/sys v0.4.0 h1:Zr2JFtRQNX3BCZ8YtxRE9hNJYC8J6I1MVbMg6owUp18=
golang.org/x/sys v0.4.0/go.mod h1:oPkhp1MJrh7nUepCBck5+mAzfO9JrbApNNgaTdGDITg=
golang.org/x/text v0.6.0 h1:3XmdazWV+ubf7QgHSTWeykHOci5oeekaGJBLkrkaw4k=
golang.org/x/text v0.6.0/go.mod h1:mrYo+phRRbMaCq/xk9113O4dZlRixOauAjOtrjsXDZ8=
golang.org/x/xerrors v0.0.0-20191204190536-9bdfabe68543/go.mod h1:I/5z698sn9Ka8TeJc9MKroUUfqBBauWjQqLJ2OPfmY0=
golang.yacloud.eu/apis/urlcacher v1.1.2143 h1:VeahUx3KGwKY2AOrPYpMaJjSsWosH2cGXJwYLDbRXsQ=
golang.yacloud.eu/apis/urlcacher v1.1.2143/go.mod h1:7CserPcZHqtYtZr/My1sOoBbfIOkDFo7lZghCP+n1yc=
google.golang.org/genproto v0.0.0-20221118155620-16455021b5e6 h1:a2S6M0+660BgMNl++4JPlcAO/CjkqYItDEZwkoDQK7c=
google.golang.org/genproto v0.0.0-20221118155620-16455021b5e6/go.mod h1:rZS5c/ZVYMaOGBfO68GWtjOw/eLaZM1X6iVtgjZ+EWg=
google.golang.org/grpc v1.52.0 h1:kd48UiU7EHsV4rnLyOJRuP/Il/UHE7gdDAQ+SZI7nZk=
google.golang.org/grpc v1.52.0/go.mod h1:pu6fVzoFb+NBYNAvQL08ic+lvB2IojljRYuun5vorUY=
google.golang.org/protobuf v1.26.0-rc.1/go.mod h1:jlhhOSvTdKEhbULTjvd4ARK9grFBp09yW+WbY/TyQbw=
google.golang.org/protobuf v1.26.0/go.mod h1:9q0QmTI4eRPtz6boOQmLYwt+qCgq0jsYwAQnmE0givc=
google.golang.org/protobuf v1.28.1 h1:d0NfwRgPtno5B1Wa6L2DAG+KivqkdutMf1UhdNx175w=
google.golang.org/protobuf v1.28.1/go.mod h1:HV8QOd/L58Z+nl8r43ehVNZIU/HEI6OcFqwMG9pJV4I=
