github.com/beorn7/perks v1.0.1 h1:VlbKKnNfV8bJzeqoa4cOKqO6bYr3WgKZxO8Z16+hsOM=
github.com/beorn7/perks v1.0.1/go.mod h1:G2ZrVWU2WbWT9wwq4/hrbKbnv/1ERSJQ0ibhJ6rlkpw=
github.com/cespare/xxhash/v2 v2.3.0 h1:UL815xU9SqsFlibzuggzjXhog7bL6oX9BbNZnL2UFvs=
github.com/cespare/xxhash/v2 v2.3.0/go.mod h1:VGX0DQ3Q6kWi7AoAeZDth3/j3BFtOZR5XLFGgcrjCOs=
github.com/davecgh/go-spew v1.1.1 h1:vj9j/u1bqnvCEfJOwUhtlOARqs3+rkHYY13jYWTU97c=
github.com/davecgh/go-spew v1.1.1/go.mod h1:J7Y8YcW2NihsgmVo/mv3lAwl/skON4iLHjSsI+c5H38=
github.com/dustin/go-humanize v1.0.1 h1:GzkhY7T5VNhEkwH0PVJgjz+fX1rhBrR7pRT3mDkpeCY=
github.com/dustin/go-humanize v1.0.1/go.mod h1:Mu1zIs6XwVuF/gI1OepvI0qD18qycQx+mFykh5fBlto=
github.com/golang/protobuf v1.5.4 h1:i7eJL8qZTpSEXOPTxNKhASYpMn+8e5Q6AdndVa1dWek=
github.com/golang/protobuf v1.5.4/go.mod h1:lnTiLA8Wa4RWRcIUkrtSVa5nRhsEGBg48fD6rSs7xps=
github.com/google/go-cmp v0.6.0 h1:ofyhxvXcZhMsU5ulbFiLKl/XBFqE1GSq7atu8tAmTRI=
github.com/google/go-cmp v0.6.0/go.mod h1:17dUlkBOakJ0+DkrSSNjCkIjxS6bF9zb3elmeNGIjoY=
github.com/grafana/pyroscope-go v1.1.1 h1:PQoUU9oWtO3ve/fgIiklYuGilvsm8qaGhlY4Vw6MAcQ=
github.com/grafana/pyroscope-go v1.1.1/go.mod h1:Mw26jU7jsL/KStNSGGuuVYdUq7Qghem5P8aXYXSXG88=
github.com/grafana/pyroscope-go/godeltaprof v0.1.7 h1:C11j63y7gymiW8VugJ9ZW0pWfxTZugdSJyC48olk5KY=
github.com/grafana/pyroscope-go/godeltaprof v0.1.7/go.mod h1:Tk376Nbldo4Cha9RgiU7ik8WKFkNpfds98aUzS8omLE=
github.com/klauspost/compress v1.17.3/go.mod h1:/dCuZOvVtNoHsyb+cuJD3itjs3NbnF6KH9zAO4BDxPM=
github.com/klauspost/compress v1.17.9 h1:6KIumPrER1LHsvBVuDa0r5xaG0Es51mhhB9BQB2qeMA=
github.com/klauspost/compress v1.17.9/go.mod h1:Di0epgTjJY877eYKx5yC51cX2A2Vl2ibi7bDH9ttBbw=
github.com/kr/pretty v0.3.1 h1:flRD4NNwYAUpkphVc1HcthR4KEIFJ65n8Mw5qdRn3LE=
github.com/kr/pretty v0.3.1/go.mod h1:hoEshYVHaxMs3cyo3Yncou5ZscifuDolrwPKZanG3xk=
github.com/kr/text v0.2.0 h1:5Nx0Ya0ZqY2ygV366QzturHI13Jq95ApcVaJBhpS+AY=
github.com/kr/text v0.2.0/go.mod h1:eLer722TekiGuMkidMxC/pM04lWEeraHUUmBw8l2grE=
github.com/lib/pq v1.10.9 h1:YXG7RB+JIjhP29X+OtkiDnYaXQwpS4JEWq7dtCCRUEw=
github.com/lib/pq v1.10.9/go.mod h1:AlVN5x4E4T544tWzH6hKfbfQvm3HdbOxrmggDNAPY9o=
github.com/munnerz/goautoneg v0.0.0-20191010083416-a7dc8b61c822 h1:C3w9PqII01/Oq1c1nUAm88MOHcQC9l5mIlSMApZMrHA=
github.com/munnerz/goautoneg v0.0.0-20191010083416-a7dc8b61c822/go.mod h1:+n7T8mK8HuQTcFwEeznm/DIxMOiR9yIdICNftLE1DvQ=
github.com/prometheus/client_golang v1.19.1 h1:wZWJDwK+NameRJuPGDhlnFgx8e8HN3XHQeLaYJFJBOE=
github.com/prometheus/client_golang v1.19.1/go.mod h1:mP78NwGzrVks5S2H6ab8+ZZGJLZUq1hoULYBAYBw1Ho=
github.com/prometheus/client_model v0.6.1 h1:ZKSh/rekM+n3CeS952MLRAdFwIKqeY8b62p8ais2e9E=
github.com/prometheus/client_model v0.6.1/go.mod h1:OrxVMOVHjw3lKMa8+x6HeMGkHMQyHDk9E3jmP2AmGiY=
github.com/prometheus/common v0.55.0 h1:KEi6DK7lXW/m7Ig5i47x0vRzuBsHuvJdi5ee6Y3G1dc=
github.com/prometheus/common v0.55.0/go.mod h1:2SECS4xJG1kd8XF9IcM1gMX6510RAEL65zxzNImwdc8=
github.com/prometheus/procfs v0.15.1 h1:YagwOFzUgYfKKHX6Dr+sHT7km/hxC76UB0learggepc=
github.com/prometheus/procfs v0.15.1/go.mod h1:fB45yRUv8NstnjriLhBQLuOUt+WW4BsoGhij/e3PBqk=
github.com/rogpeppe/go-internal v1.10.0 h1:TMyTOH3F/DB16zRVcYyreMH6GnZZrwQVAoYjRBZyWFQ=
github.com/rogpeppe/go-internal v1.10.0/go.mod h1:UQnix2H7Ngw/k4C5ijL5+65zddjncjaFoBhdsK/akog=
golang.conradwood.net/apis/auth v1.1.2956 h1:D0jDYHj0A+SchRfhcCCVu9oOweDo6t1w9gFGJqjzGkQ=
golang.conradwood.net/apis/auth v1.1.2956/go.mod h1:hCgF/VXlykX9jGMrpoQ9/EHzX+7anwAklyp7Y+AywjM=
golang.conradwood.net/apis/auth v1.1.2965 h1:V51Hj6JgcwWCx1+H9/leFoz76yTlfTcFQSTKrY+R3j8=
golang.conradwood.net/apis/auth v1.1.2965/go.mod h1:fOSdub9Fe5acLTAgSI3AXK2sES7M3yY64XXfmdacd9A=
golang.conradwood.net/apis/autodeployer v1.1.2956 h1:lva5IrLyUsC3P0bJKZs0RUWWU/d/0oNLOWwAwciBkP8=
golang.conradwood.net/apis/autodeployer v1.1.2956/go.mod h1:mkb8IAR3wB4hHlZIJunrxMa+qYE9z7CEqKNz4QzYA18=
golang.conradwood.net/apis/autodeployer v1.1.2965 h1:kznUN/12eMSOY1t6G2pr+yNNRg4iOYI9JbQ0HZWVufI=
golang.conradwood.net/apis/autodeployer v1.1.2965/go.mod h1:tr0Q1jFH1oTkSoqun5+8ARtEkiKCcfbAKQfFvcdRg9g=
golang.conradwood.net/apis/common v1.1.2956 h1:9oG1wFXNstuinhTC1+Ee1OVvUCDAwxKV0qPtlR04Z1s=
golang.conradwood.net/apis/common v1.1.2956/go.mod h1:u39i1HLmvAttAZs+2Eq3ckoyI2kjbKPz2r3GaLgI2wo=
golang.conradwood.net/apis/common v1.1.2965 h1:87fxZGLc/Em134fpuglTdcmtqVlTsoA4MPPDKGW1EE8=
golang.conradwood.net/apis/common v1.1.2965/go.mod h1:e7b3akxLnYndfCF9NUWMdb/lMvjMnJiw2jFCiWmesU4=
golang.conradwood.net/apis/deploymonkey v1.1.2956 h1:sVvAkiO5biE3lZsYHWWM2WG2RjHhLUOQpFcTiAqE+Ng=
golang.conradwood.net/apis/deploymonkey v1.1.2956/go.mod h1:PgAeOOrY+20AKvd3Ll+SJmMDRX61KWrFX+jMd/HfSuY=
golang.conradwood.net/apis/deploymonkey v1.1.2965 h1:NCXfdUT4CHOyT88Ddu8M9DRSH/1zyg51soqC8L/5wkg=
golang.conradwood.net/apis/deploymonkey v1.1.2965/go.mod h1:+c3ICMOGQqvGU7h0uz+7WJwUxWCLTZsdQHT/03WuJwo=
golang.conradwood.net/apis/echoservice v1.1.2956 h1:EIp2d0rSUvY5Kg8SsasQj/IOzFyLKhvrSXifNbnch3s=
golang.conradwood.net/apis/echoservice v1.1.2956/go.mod h1:fM51r/7LhPQruDSqDOUQ/IZaxzUDPDaRZRvhcHLhXUA=
golang.conradwood.net/apis/echoservice v1.1.2965 h1:iXye7RMhsg5OVTUK79T3kk0a1H1cN/WiVXiOiF0XTlU=
golang.conradwood.net/apis/echoservice v1.1.2965/go.mod h1:Vi5i1DNNYcD9twRpwBJH2hJEoAsxiVMInsIrbrNzXQQ=
golang.conradwood.net/apis/errorlogger v1.1.2956 h1:K5sRffiviyctMMB73ggKeRSB4tjbgU+C5wkTE8Ns2i4=
golang.conradwood.net/apis/errorlogger v1.1.2956/go.mod h1:zzocwr+nkWmGxB8D98iej+Yy0OMHA0m2IvicffH1s7Q=
golang.conradwood.net/apis/errorlogger v1.1.2965 h1:3OrY3DKpeNuSX6jyGW/es4SZkYzfbHJ9KX3Jgfs5img=
golang.conradwood.net/apis/errorlogger v1.1.2965/go.mod h1:Z5HaKnASAlMUjJUYqrdWivJaYOOH3Z0EZYDgExAiNZI=
golang.conradwood.net/apis/framework v1.1.2956 h1:D/GPY52rVbd2W9WYfuiqwBMF/m2VuvY1VrYiJcXdVo4=
golang.conradwood.net/apis/framework v1.1.2956/go.mod h1:Xf4F/le0F/v5eTXtuUq35CaXWWDEu1OHJLuV+uKF+28=
golang.conradwood.net/apis/framework v1.1.2965 h1:ADaxSYjrm1PuPOeQWRnzXYlMHtnHDvPoTWzMYN/eGRc=
golang.conradwood.net/apis/framework v1.1.2965/go.mod h1:sXOIuMcE/IwLtOIxL4y1M0DrvritTut4i+9O6Mh0jZU=
golang.conradwood.net/apis/gitserver v1.1.2956 h1:SXq6Y4R5y2hNWBYS5fzzqdk5UrX0qaTVYUT75hCiBF0=
golang.conradwood.net/apis/gitserver v1.1.2956/go.mod h1:BSeh4TSFxi3dYKwQuwG2RXkgdFExcywdWX3vwgzs6ik=
golang.conradwood.net/apis/gitserver v1.1.2965 h1:FNXuPtRo73UdKdrBhodc/mK94XHxYZFAU9wm7M2ca4A=
golang.conradwood.net/apis/gitserver v1.1.2965/go.mod h1:SeqlOH5B+Eoq1ztPbNvT6spx9j4ZtEXf8WeYFokMeGs=
golang.conradwood.net/apis/goeasyops v1.1.2956 h1:HQ+QQ1UnLq7Ch16Iy1OSsWFotTZbEy6RdixsiwdYazc=
golang.conradwood.net/apis/goeasyops v1.1.2956/go.mod h1:GKYIZ4qzrii784aSpbic1sf1/VF/vF2KfZMLjnXcprI=
golang.conradwood.net/apis/goeasyops v1.1.2965 h1:sA09esWCnR+XgWbMMz259q+r7rhu88lxZw8shV8H8NI=
golang.conradwood.net/apis/goeasyops v1.1.2965/go.mod h1:abG47f6/7dedyPboGLq2n/2E33QFF1Q4lsJy5O+BAnU=
golang.conradwood.net/apis/grafanadata v1.1.2956 h1:cf1fU+LqUWbt5UiEBJKnsam0KjpdlKI3w60KkqEKpzk=
golang.conradwood.net/apis/grafanadata v1.1.2956/go.mod h1:6XZgV5fNBvteuCFmon2J+Nem+cVJzP8XzH1RXGIYtew=
golang.conradwood.net/apis/grafanadata v1.1.2965 h1:TTWInsbjEm4bP9J9saGG3du73UE0MHqpghTv/8JtSME=
golang.conradwood.net/apis/grafanadata v1.1.2965/go.mod h1:Gjm3L7o8dQijMXvKqMAY/8ma9lXT0gW932rE3SzJ3Fs=
golang.conradwood.net/apis/h2gproxy v1.1.2956 h1:AJzEY+ynXFeGR96t6gcXmgNMOhep2im51RHh1xlD3eE=
golang.conradwood.net/apis/h2gproxy v1.1.2956/go.mod h1:5dUJFnWB2xe8emycqSZfZJijoG26W9jwMBHOEi4C9R8=
golang.conradwood.net/apis/h2gproxy v1.1.2965 h1:t2YoiRKB+Uorfen3R6PKzZiT/ypTatCsMFwkf5P+Mqg=
golang.conradwood.net/apis/h2gproxy v1.1.2965/go.mod h1:uEShEJsN3uOVgcSSRwUzZZMJ/ewg6u9Y/CrvUzClvyw=
golang.conradwood.net/apis/objectstore v1.1.2956 h1:xFgIye+aDR95tzvQUygd846Q9fp2nhZz0gR2fPvW8Ug=
golang.conradwood.net/apis/objectstore v1.1.2956/go.mod h1:UR3kok9bB1I/KX/LSjsRUIsGpvaxqi5Gu04qzuUsGVs=
golang.conradwood.net/apis/objectstore v1.1.2965 h1:PtR05GYruYzCPTv9D3jU96bQXAtcAM8XcpEaNZ/5XBA=
golang.conradwood.net/apis/objectstore v1.1.2965/go.mod h1:USVz9s9J/ZQ78hRPdvjnnQbbndV1YL/F2GSFKKs4aAY=
golang.conradwood.net/apis/registry v1.1.2956 h1:/2wxwfk9mjdTZRDFDdDlY1y++vIcHj36NNOJPhGt6Kg=
golang.conradwood.net/apis/registry v1.1.2956/go.mod h1:2LxYXOA6ELWiIsC+giQ3AIB7XRhZ0pD69kvL4H4DjF0=
golang.conradwood.net/apis/registry v1.1.2965 h1:/EJnBQEGQsKsk9u5Gi08ia0XU27lIEKaYRvDg6d2eFE=
golang.conradwood.net/apis/registry v1.1.2965/go.mod h1:AV5CjGtLCk/AuTWdjyYxHlfHyT8VgsZmZQ59O7xkv0w=
golang.conradwood.net/go-easyops v0.1.28515 h1:IUE71HRftS2k6HgUcTVVPOPLYEGlaM7gwFUsUxMzLmo=
golang.conradwood.net/go-easyops v0.1.28515/go.mod h1:02KmReDa6G8sTKCcP6Wc8mhh4FVVDgDVNqDBDzvEtn4=
golang.conradwood.net/go-easyops v0.1.28652 h1:PJ+KEDAm6k4L7rFahYMlZFeCAut7p7zIekT7UF7r078=
golang.conradwood.net/go-easyops v0.1.28652/go.mod h1:02KmReDa6G8sTKCcP6Wc8mhh4FVVDgDVNqDBDzvEtn4=
golang.conradwood.net/go-easyops v0.1.28663 h1:SPCJFXnX7f0S2NEz7KauXI29PuohK6KXdKq2MwwOEqY=
golang.conradwood.net/go-easyops v0.1.28663/go.mod h1:02KmReDa6G8sTKCcP6Wc8mhh4FVVDgDVNqDBDzvEtn4=
golang.conradwood.net/go-easyops v0.1.28670 h1:2jpCVXYJknqWkBFQ9gJFrrFywr/FCUBxuwkr3jmzbtk=
golang.conradwood.net/go-easyops v0.1.28670/go.mod h1:02KmReDa6G8sTKCcP6Wc8mhh4FVVDgDVNqDBDzvEtn4=
golang.conradwood.net/go-easyops v0.1.28699 h1:XoJgjIOr0iWoMRc6t8/n1qLkQe7OosOee+q/jlnmnfo=
golang.conradwood.net/go-easyops v0.1.28699/go.mod h1:02KmReDa6G8sTKCcP6Wc8mhh4FVVDgDVNqDBDzvEtn4=
golang.conradwood.net/go-easyops v0.1.28817 h1:L7qPUDEGKX47KME78DVvOhwcuIUOGa4c1IGvnO5OnSc=
golang.conradwood.net/go-easyops v0.1.28817/go.mod h1:cf6zpbaEFpAGvVIl3XqUbpY8ebijhT8nXkzdjtcYnuI=
golang.conradwood.net/go-easyops v0.1.28819 h1:aNh7g95UKV8aCt4ThbS5kmNlPldCiTr+QImcxIW6Jqk=
golang.conradwood.net/go-easyops v0.1.28819/go.mod h1:cf6zpbaEFpAGvVIl3XqUbpY8ebijhT8nXkzdjtcYnuI=
golang.conradwood.net/go-easyops v0.1.28847 h1:xD1r0wYI9HIlRTHeA6BH0EdgorX6btPEotZdgXV9a6U=
golang.conradwood.net/go-easyops v0.1.28847/go.mod h1:cf6zpbaEFpAGvVIl3XqUbpY8ebijhT8nXkzdjtcYnuI=
golang.conradwood.net/go-easyops v0.1.28887 h1:bD29gp6+Nwg7I5CNq9jKPztQ5VQKlC8YjlUwGYTWXps=
golang.conradwood.net/go-easyops v0.1.28887/go.mod h1:cf6zpbaEFpAGvVIl3XqUbpY8ebijhT8nXkzdjtcYnuI=
golang.conradwood.net/go-easyops v0.1.28890 h1:UGNEsIO6zBcRxvXZspgIUz3G2Laxatja+E4FYg1GMy4=
golang.conradwood.net/go-easyops v0.1.28890/go.mod h1:cf6zpbaEFpAGvVIl3XqUbpY8ebijhT8nXkzdjtcYnuI=
golang.conradwood.net/go-easyops v0.1.28906 h1:KsqBsYrZN2iffxgYQEPlgR4aNNBmgTFBNc1YqXfhy9c=
golang.conradwood.net/go-easyops v0.1.28906/go.mod h1:cf6zpbaEFpAGvVIl3XqUbpY8ebijhT8nXkzdjtcYnuI=
golang.conradwood.net/go-easyops v0.1.28916 h1:xov67kjc2xC7iy1QLP5Eor+RH28knezzQAh0nSgx59w=
golang.conradwood.net/go-easyops v0.1.28916/go.mod h1:cf6zpbaEFpAGvVIl3XqUbpY8ebijhT8nXkzdjtcYnuI=
golang.conradwood.net/go-easyops v0.1.28920 h1:q3B+4ktocVzHKeKoe7vbZ+n5Dhqgov93Ip3xe40C3no=
golang.conradwood.net/go-easyops v0.1.28920/go.mod h1:cf6zpbaEFpAGvVIl3XqUbpY8ebijhT8nXkzdjtcYnuI=
golang.org/x/net v0.27.0 h1:5K3Njcw06/l2y9vpGCSdcxWOYHOUk3dVNGDXN+FvAys=
golang.org/x/net v0.27.0/go.mod h1:dDi0PyhWNoiUOrAS8uXv/vnScO4wnHQO4mj9fn/RytE=
golang.org/x/sys v0.22.0 h1:RI27ohtqKCnwULzJLqkv897zojh5/DwS/ENaMzUOaWI=
golang.org/x/sys v0.22.0/go.mod h1:/VUhepiaJMQUp4+oa/7Zr1D23ma6VTLIYjOOTFZPUcA=
golang.org/x/text v0.16.0 h1:a94ExnEXNtEwYLGJSIUxnWoxoRz/ZcCsV63ROupILh4=
golang.org/x/text v0.16.0/go.mod h1:GhwF1Be+LQoKShO3cGOHzqOgRrGaYc9AvblQOmPVHnI=
golang.yacloud.eu/apis/autodeployer2 v1.1.2956 h1:k1la0Ejos5muHNZTKqq4rT7WulfcPZYpiXyKUmhgCz4=
golang.yacloud.eu/apis/autodeployer2 v1.1.2956/go.mod h1:OzbXJgojHFPreI63OG/hRUu1Qk/KNJ1HLUXvCcU5QoY=
golang.yacloud.eu/apis/autodeployer2 v1.1.2965 h1:7Dq1+bu705HHCZ2f7CUhMcbvRlMSRqUqg81YQtshaAI=
golang.yacloud.eu/apis/autodeployer2 v1.1.2965/go.mod h1:F+gWqwz7UcXDhnWXaEw5LuxXQjHKeMRPjqYtIOWYxXM=
golang.yacloud.eu/apis/binaryversions v1.1.2956 h1:ZcwfTwENpiZrBn2ma1Nlmed2JMNfNe3UXF7PJFsGIhM=
golang.yacloud.eu/apis/binaryversions v1.1.2956/go.mod h1:yzBiz2Rtxj0Q4jugez78YbUErYJtmIXubswCCcrM8h8=
golang.yacloud.eu/apis/binaryversions v1.1.2965 h1:F1bspn822IaXjRuKtnPxuvxiGB/cijY6TcUuM979b30=
golang.yacloud.eu/apis/binaryversions v1.1.2965/go.mod h1:sXOQfSo9xjP8mHHlvYj77mqNI1EtmjQQSi00z3M16wU=
golang.yacloud.eu/apis/fscache v1.1.2956 h1:/yL8DOsTjA4ZJPROJsXpW89CLty78tH6iY68Vw+Fa/8=
golang.yacloud.eu/apis/fscache v1.1.2956/go.mod h1:vE54gja0NDN6qjBif4jYzEQf4w1ClMLvVI8Gsy187ko=
golang.yacloud.eu/apis/fscache v1.1.2965 h1:TNxtX2XsMWQX9/KbntBoAQjCHNUkApwXQxzWfvFPulU=
golang.yacloud.eu/apis/fscache v1.1.2965/go.mod h1:OWJoTbuI6YLsv9V2e6qv4qN736v+QfPnpe5RpKOsO5E=
golang.yacloud.eu/apis/session v1.1.2956 h1:iDcCH5vDj180DB3Sl8KYraAm8IGx+tZ7XerfUGNfO8U=
golang.yacloud.eu/apis/session v1.1.2956/go.mod h1:jWMz0KOlzpONw1OHqWbNzPd2hFPa1OcXpTgpVYdFEBs=
golang.yacloud.eu/apis/session v1.1.2965 h1:ttvfrpI3dRDmxUBobNzq395uyr7yoH6o18S3kDnX9YQ=
golang.yacloud.eu/apis/session v1.1.2965/go.mod h1:Tbssl8t5SBO05Ya4sGu79rnku6mnpw+vpDC0EQGuG7w=
golang.yacloud.eu/apis/unixipc v1.1.2956 h1:LLQwM/6rjrM3aKxqDJ67rNRdvxrbggdGrgn5cmguOUg=
golang.yacloud.eu/apis/unixipc v1.1.2956/go.mod h1:IAWjpekdbneByMOHBNFWup5wf13ZjocG5+hUEmsWIQA=
golang.yacloud.eu/apis/unixipc v1.1.2965 h1:PrC8X1XHLdob5NB/3OjVUWYvBAilamPXUQ6uUrlZl58=
golang.yacloud.eu/apis/unixipc v1.1.2965/go.mod h1:n7Ocq/COikox5G9OOXJiN2AjZwZ+A0aWhi39YIH9Fp8=
golang.yacloud.eu/apis/urlcacher v1.1.2956 h1:Zou5d24D33JmFP3QPqE1wPcPBxR9RcZFaDvKkuMPm/c=
golang.yacloud.eu/apis/urlcacher v1.1.2956/go.mod h1:YlmVq4AcLcVeR00V36+Dalg29RBEB/rXDWTLmGXHNcQ=
golang.yacloud.eu/apis/urlcacher v1.1.2965 h1:5DhG4kU+fwkcCRUe2aFF1s123RIMiWYXJAg2oVr2hUQ=
golang.yacloud.eu/apis/urlcacher v1.1.2965/go.mod h1:LOvktpzZPAEyfzU0oaTqDAtuBC70DoUPaW2paHyK+mM=
golang.yacloud.eu/unixipc v0.1.26852 h1:bKxdKQVBTcuzgPuUv0ZUHui44Ys3KY+gOBTQ5m5S60s=
golang.yacloud.eu/unixipc v0.1.26852/go.mod h1:BboKEBCyQzeXbtXowwSLV9U+wI32wq49ZVs72+uO/ZI=
golang.yacloud.eu/yatools v0.1.28440 h1:KXwrWsh9yyWA/yzM7O+lBKZrRayT7cNbMqSyECo6Yzw=
golang.yacloud.eu/yatools v0.1.28440/go.mod h1:vMqQHNNxli5D7O6WiV7p75qLtxGzcgEfng75tTU+Ubc=
golang.yacloud.eu/yatools v0.1.28748 h1:Y0DgBNDP57bdT8FLYWVx9+uWI6Y+CUEd/ykLrsUbLdA=
golang.yacloud.eu/yatools v0.1.28748/go.mod h1:JejvC697Uj1K23xLv5JTaIz34lnJx1XLh6IR4daEYv8=
google.golang.org/genproto/googleapis/rpc v0.0.0-20240528184218-531527333157 h1:Zy9XzmMEflZ/MAaA7vNcoebnRAld7FsPW1EeBB7V0m8=
google.golang.org/genproto/googleapis/rpc v0.0.0-20240528184218-531527333157/go.mod h1:EfXuqaE1J41VCDicxHzUDm+8rk+7ZdXzHV0IhO/I6s0=
google.golang.org/grpc v1.63.2 h1:MUeiw1B2maTVZthpU5xvASfTh3LDbxHd6IJ6QQVU+xM=
google.golang.org/grpc v1.63.2/go.mod h1:WAX/8DgncnokcFUldAxq7GeB5DXHDbMF+lLvDomNkRA=
google.golang.org/grpc v1.65.0 h1:bs/cUb4lp1G5iImFFd3u5ixQzweKizoZJAwBNLR42lc=
google.golang.org/grpc v1.65.0/go.mod h1:WgYC2ypjlB0EiQi6wdKixMqukr6lBc0Vo+oOgjrM5ZQ=
google.golang.org/protobuf v1.34.2 h1:6xV6lTsCfpGD21XK49h7MhtcApnLqkfYgPcdHftf6hg=
google.golang.org/protobuf v1.34.2/go.mod h1:qYOHts0dSfpeUzUFpOMr/WGzszTmLH+DiWniOlNbLDw=
gopkg.in/check.v1 v0.0.0-20161208181325-20d25e280405/go.mod h1:Co6ibVJAznAaIkqp8huTwlJQCZ016jof/cbN4VW5Yz0=
gopkg.in/check.v1 v1.0.0-20201130134442-10cb98267c6c h1:Hei/4ADfdWqJk1ZMxUNpqntNwaWcugrBjAiHlqqRiVk=
gopkg.in/check.v1 v1.0.0-20201130134442-10cb98267c6c/go.mod h1:JHkPIbrfpd72SG/EVd6muEfDQjcINNoR0C8j2r3qZ4Q=
gopkg.in/yaml.v2 v2.4.0 h1:D8xgwECY7CYvx+Y2n4sBz93Jn9JRvxdiyyo8CTfuKaY=
gopkg.in/yaml.v2 v2.4.0/go.mod h1:RDklbk79AGWmwhnvt/jBztapEOGDOx6ZbXqjP6csGnQ=
gopkg.in/yaml.v3 v3.0.1 h1:fxVm/GzAzEWqLHuvctI91KS9hhNmmWOoWu0XTYJS7CA=
gopkg.in/yaml.v3 v3.0.1/go.mod h1:K4uyk7z7BCEPqu6E+C64Yfv1cQ7kz7rIZviUmN+EgEM=
