github.com/beorn7/perks v1.0.1 h1:VlbKKnNfV8bJzeqoa4cOKqO6bYr3WgKZxO8Z16+hsOM=
github.com/beorn7/perks v1.0.1/go.mod h1:G2ZrVWU2WbWT9wwq4/hrbKbnv/1ERSJQ0ibhJ6rlkpw=
github.com/cespare/xxhash/v2 v2.3.0 h1:UL815xU9SqsFlibzuggzjXhog7bL6oX9BbNZnL2UFvs=
github.com/cespare/xxhash/v2 v2.3.0/go.mod h1:VGX0DQ3Q6kWi7AoAeZDth3/j3BFtOZR5XLFGgcrjCOs=
github.com/davecgh/go-spew v1.1.1 h1:vj9j/u1bqnvCEfJOwUhtlOARqs3+rkHYY13jYWTU97c=
github.com/davecgh/go-spew v1.1.1/go.mod h1:J7Y8YcW2NihsgmVo/mv3lAwl/skON4iLHjSsI+c5H38=
github.com/dustin/go-humanize v1.0.1 h1:GzkhY7T5VNhEkwH0PVJgjz+fX1rhBrR7pRT3mDkpeCY=
github.com/dustin/go-humanize v1.0.1/go.mod h1:Mu1zIs6XwVuF/gI1OepvI0qD18qycQx+mFykh5fBlto=
github.com/golang/protobuf v1.5.4 h1:i7eJL8qZTpSEXOPTxNKhASYpMn+8e5Q6AdndVa1dWek=
github.com/golang/protobuf v1.5.4/go.mod h1:lnTiLA8Wa4RWRcIUkrtSVa5nRhsEGBg48fD6rSs7xps=
github.com/google/go-cmp v0.6.0 h1:ofyhxvXcZhMsU5ulbFiLKl/XBFqE1GSq7atu8tAmTRI=
github.com/google/go-cmp v0.6.0/go.mod h1:17dUlkBOakJ0+DkrSSNjCkIjxS6bF9zb3elmeNGIjoY=
github.com/grafana/pyroscope-go v1.1.1 h1:PQoUU9oWtO3ve/fgIiklYuGilvsm8qaGhlY4Vw6MAcQ=
github.com/grafana/pyroscope-go v1.1.1/go.mod h1:Mw26jU7jsL/KStNSGGuuVYdUq7Qghem5P8aXYXSXG88=
github.com/grafana/pyroscope-go/godeltaprof v0.1.7 h1:C11j63y7gymiW8VugJ9ZW0pWfxTZugdSJyC48olk5KY=
github.com/grafana/pyroscope-go/godeltaprof v0.1.7/go.mod h1:Tk376Nbldo4Cha9RgiU7ik8WKFkNpfds98aUzS8omLE=
github.com/klauspost/compress v1.17.3/go.mod h1:/dCuZOvVtNoHsyb+cuJD3itjs3NbnF6KH9zAO4BDxPM=
github.com/klauspost/compress v1.17.9 h1:6KIumPrER1LHsvBVuDa0r5xaG0Es51mhhB9BQB2qeMA=
github.com/klauspost/compress v1.17.9/go.mod h1:Di0epgTjJY877eYKx5yC51cX2A2Vl2ibi7bDH9ttBbw=
github.com/kr/pretty v0.3.1 h1:flRD4NNwYAUpkphVc1HcthR4KEIFJ65n8Mw5qdRn3LE=
github.com/kr/pretty v0.3.1/go.mod h1:hoEshYVHaxMs3cyo3Yncou5ZscifuDolrwPKZanG3xk=
github.com/kr/text v0.2.0 h1:5Nx0Ya0ZqY2ygV366QzturHI13Jq95ApcVaJBhpS+AY=
github.com/kr/text v0.2.0/go.mod h1:eLer722TekiGuMkidMxC/pM04lWEeraHUUmBw8l2grE=
github.com/lib/pq v1.10.9 h1:YXG7RB+JIjhP29X+OtkiDnYaXQwpS4JEWq7dtCCRUEw=
github.com/lib/pq v1.10.9/go.mod h1:AlVN5x4E4T544tWzH6hKfbfQvm3HdbOxrmggDNAPY9o=
github.com/munnerz/goautoneg v0.0.0-20191010083416-a7dc8b61c822 h1:C3w9PqII01/Oq1c1nUAm88MOHcQC9l5mIlSMApZMrHA=
github.com/munnerz/goautoneg v0.0.0-20191010083416-a7dc8b61c822/go.mod h1:+n7T8mK8HuQTcFwEeznm/DIxMOiR9yIdICNftLE1DvQ=
github.com/prometheus/client_golang v1.19.1 h1:wZWJDwK+NameRJuPGDhlnFgx8e8HN3XHQeLaYJFJBOE=
github.com/prometheus/client_golang v1.19.1/go.mod h1:mP78NwGzrVks5S2H6ab8+ZZGJLZUq1hoULYBAYBw1Ho=
github.com/prometheus/client_model v0.6.1 h1:ZKSh/rekM+n3CeS952MLRAdFwIKqeY8b62p8ais2e9E=
github.com/prometheus/client_model v0.6.1/go.mod h1:OrxVMOVHjw3lKMa8+x6HeMGkHMQyHDk9E3jmP2AmGiY=
github.com/prometheus/common v0.55.0 h1:KEi6DK7lXW/m7Ig5i47x0vRzuBsHuvJdi5ee6Y3G1dc=
github.com/prometheus/common v0.55.0/go.mod h1:2SECS4xJG1kd8XF9IcM1gMX6510RAEL65zxzNImwdc8=
github.com/prometheus/procfs v0.15.1 h1:YagwOFzUgYfKKHX6Dr+sHT7km/hxC76UB0learggepc=
github.com/prometheus/procfs v0.15.1/go.mod h1:fB45yRUv8NstnjriLhBQLuOUt+WW4BsoGhij/e3PBqk=
github.com/rogpeppe/go-internal v1.10.0 h1:TMyTOH3F/DB16zRVcYyreMH6GnZZrwQVAoYjRBZyWFQ=
github.com/rogpeppe/go-internal v1.10.0/go.mod h1:UQnix2H7Ngw/k4C5ijL5+65zddjncjaFoBhdsK/akog=
golang.conradwood.net/apis/auth v1.1.2945 h1:OaHCiodUF7KbF+TlXkZqdZxt6D80Va4HLBWPpNqm268=
golang.conradwood.net/apis/auth v1.1.2945/go.mod h1:NnyRh2MDNQDOIncvoT5QYurNRwIiwZtVfmz1GL6gB2E=
golang.conradwood.net/apis/autodeployer v1.1.2945 h1:QzXJV+gMsWLCAipLhyhLPIIy5MUyhyXf/3O6Q4IJ0Y8=
golang.conradwood.net/apis/autodeployer v1.1.2945/go.mod h1:aBzcy1HyeuXko2cNB0c7jVnCZjZ99IKi36V00ZQKRDo=
golang.conradwood.net/apis/common v1.1.2945 h1:gB197cg8Vq1p96B2xuYz6Ek5/Y6TaLT39HgQIzlN3cE=
golang.conradwood.net/apis/common v1.1.2945/go.mod h1:hwrfqBmjHQM6hnq6VA6Cr8yIgEgEnhzqzKnSqUP8skY=
golang.conradwood.net/apis/deploymonkey v1.1.2945 h1:PGiAPFkkUNERDRjyNFBnpZBmB2F9rJ9TbVUpbxuItNA=
golang.conradwood.net/apis/deploymonkey v1.1.2945/go.mod h1:LnBKqEHM7sl/zQFZ18eg4tlNpSsV4pPemU9mLDP9qWc=
golang.conradwood.net/apis/echoservice v1.1.2945 h1:HWrwcQRKkz2F/WM9pXyIwJCVmsquJ65N3+8D55YmWLk=
golang.conradwood.net/apis/echoservice v1.1.2945/go.mod h1:SIEXVVmZT5R1ja5CoXoFQ/qBNyPyYuCDM729tMRaXQE=
golang.conradwood.net/apis/errorlogger v1.1.2945 h1:qGFwYfFMVy/AQi+XzAAe+BJlkboPrGkeF45eL7n6wn0=
golang.conradwood.net/apis/errorlogger v1.1.2945/go.mod h1:2IyrbAIzdozG4hxFKk/F0S+K4MgUDQV9OwWDTA6huDQ=
golang.conradwood.net/apis/framework v1.1.2945 h1:j3kFMNzSlu8wOR14IsuFnTqCknTqE0SXeVSa1RSjWxQ=
golang.conradwood.net/apis/framework v1.1.2945/go.mod h1:L+T+DQ1J/pgdf58rVsZEezs9ojnYvmZyDTUnmWur260=
golang.conradwood.net/apis/gitserver v1.1.2945 h1:RAv80TcXhNruGnIiREWe3jDuRzjtsXa89JXE93Mwev8=
golang.conradwood.net/apis/gitserver v1.1.2945/go.mod h1:evNWcT/bjLTAtdkbsn/330n8/N5H/6paK5OCCglKAsM=
golang.conradwood.net/apis/goeasyops v1.1.2945 h1:YbhJPEnnp0D/NNjfHw6l+7CZZhFCVcT51SzWL6o0OJM=
golang.conradwood.net/apis/goeasyops v1.1.2945/go.mod h1:vbC3lRpwudquCrEc64jBnVkgtczA6gsqJ0Y/jJsZxro=
golang.conradwood.net/apis/grafanadata v1.1.2945 h1:jg0ZcgRhaK1CGo/PGQT/KpEtu2kua4M5TOkL7XyGmN8=
golang.conradwood.net/apis/grafanadata v1.1.2945/go.mod h1:AgflB0qzaSTAV8J8k1MFs9Jd+9LjJa/5ilZK0YiAu4s=
golang.conradwood.net/apis/h2gproxy v1.1.2945 h1:5CbE6oghnHnsq0gR5g+8lNPu+h8jW71KinNMfhFnxyI=
golang.conradwood.net/apis/h2gproxy v1.1.2945/go.mod h1:VH9GBBu2GA70XugGtazEkZIHTXnsMhRkQQgTKOmbKqg=
golang.conradwood.net/apis/objectstore v1.1.2945 h1:df0f/TLo8yWZzPT69zNsZuyaUD/RcjbPg8rkhgMctqo=
golang.conradwood.net/apis/objectstore v1.1.2945/go.mod h1:ih7heSZPXXFeaMbiTQbHFSISE5qkh72hHtcegGEpTac=
golang.conradwood.net/apis/registry v1.1.2945 h1:vgmyUgaNB3+s524Cjn6x3H42AdNVNtjvU7f7tUqGhBQ=
golang.conradwood.net/apis/registry v1.1.2945/go.mod h1:aGPhUK5LRwrfH1VpA8drKnlzQYJ4/GZgLAj/nNtOZLc=
golang.conradwood.net/go-easyops v0.1.28267 h1:o9RPyluvsc1/RdjV5nHvu6f7o/8OglIKaSWRM4Qei5U=
golang.conradwood.net/go-easyops v0.1.28267/go.mod h1:02KmReDa6G8sTKCcP6Wc8mhh4FVVDgDVNqDBDzvEtn4=
golang.org/x/net v0.27.0 h1:5K3Njcw06/l2y9vpGCSdcxWOYHOUk3dVNGDXN+FvAys=
golang.org/x/net v0.27.0/go.mod h1:dDi0PyhWNoiUOrAS8uXv/vnScO4wnHQO4mj9fn/RytE=
golang.org/x/sys v0.22.0 h1:RI27ohtqKCnwULzJLqkv897zojh5/DwS/ENaMzUOaWI=
golang.org/x/sys v0.22.0/go.mod h1:/VUhepiaJMQUp4+oa/7Zr1D23ma6VTLIYjOOTFZPUcA=
golang.org/x/text v0.16.0 h1:a94ExnEXNtEwYLGJSIUxnWoxoRz/ZcCsV63ROupILh4=
golang.org/x/text v0.16.0/go.mod h1:GhwF1Be+LQoKShO3cGOHzqOgRrGaYc9AvblQOmPVHnI=
golang.yacloud.eu/apis/autodeployer2 v1.1.2945 h1:VknSlU6lUY/UXmdsO5gW8mEu2O5azIxPyrj9JgUo5hw=
golang.yacloud.eu/apis/autodeployer2 v1.1.2945/go.mod h1:JpURyt+7KjzF8FB7ikOQvNPDmENDW4lN28uUuRcbwXM=
golang.yacloud.eu/apis/binaryversions v1.1.2950 h1:6hk/Qjp3YiydKp80M4ykVVZtOC4WLiuQWCUAM7aWHmc=
golang.yacloud.eu/apis/binaryversions v1.1.2950/go.mod h1:aQMtA6paBTeov2ytoWu3948N+v/8Gwveg6xF7miP8rU=
golang.yacloud.eu/apis/fscache v1.1.2945 h1:a4sXS2rs6SDCM3RcDMXqb9K7pIe5QjkRMnkronmKiSg=
golang.yacloud.eu/apis/fscache v1.1.2945/go.mod h1:p2+RICf97DdVb5026qJuim5riGAlVxNDgGpIY5SWnr8=
golang.yacloud.eu/apis/session v1.1.2945 h1:spMcJFfrySi+n9XhGxxGlsCOs95KstKdpQvwRACGHN4=
golang.yacloud.eu/apis/session v1.1.2945/go.mod h1:3RpKq9Kz88K8DlJYSlUMSckehSsDX+kV2JVF+M9XGPQ=
golang.yacloud.eu/apis/unixipc v1.1.2945 h1:UBQNNTES77oR6rylqyA98udq6fO2VO3AmGda02xi2tw=
golang.yacloud.eu/apis/unixipc v1.1.2945/go.mod h1:sf3R/UPsXT3/1FQA/0nNUBOOIaMCIgmEwbXoCNxrrbE=
golang.yacloud.eu/apis/urlcacher v1.1.2945 h1:cjZzk0bM2kUnZvvPCj/egqpSZWkoyoclpMl6Sv07DM0=
golang.yacloud.eu/apis/urlcacher v1.1.2945/go.mod h1:XMrQ+p308Tvc5yI8wxR1HUtdK6bIwPjCtDWQVjNbDTU=
golang.yacloud.eu/unixipc v0.1.26852 h1:bKxdKQVBTcuzgPuUv0ZUHui44Ys3KY+gOBTQ5m5S60s=
golang.yacloud.eu/unixipc v0.1.26852/go.mod h1:BboKEBCyQzeXbtXowwSLV9U+wI32wq49ZVs72+uO/ZI=
golang.yacloud.eu/yatools v0.1.28220 h1:plbYXpXV/x6QwCbRcQQWOfyLkFbpAfDnI8Lq/BEzl3o=
golang.yacloud.eu/yatools v0.1.28220/go.mod h1:vMqQHNNxli5D7O6WiV7p75qLtxGzcgEfng75tTU+Ubc=
google.golang.org/genproto/googleapis/rpc v0.0.0-20240528184218-531527333157 h1:Zy9XzmMEflZ/MAaA7vNcoebnRAld7FsPW1EeBB7V0m8=
google.golang.org/genproto/googleapis/rpc v0.0.0-20240528184218-531527333157/go.mod h1:EfXuqaE1J41VCDicxHzUDm+8rk+7ZdXzHV0IhO/I6s0=
google.golang.org/grpc v1.65.0 h1:bs/cUb4lp1G5iImFFd3u5ixQzweKizoZJAwBNLR42lc=
google.golang.org/grpc v1.65.0/go.mod h1:WgYC2ypjlB0EiQi6wdKixMqukr6lBc0Vo+oOgjrM5ZQ=
google.golang.org/protobuf v1.34.2 h1:6xV6lTsCfpGD21XK49h7MhtcApnLqkfYgPcdHftf6hg=
google.golang.org/protobuf v1.34.2/go.mod h1:qYOHts0dSfpeUzUFpOMr/WGzszTmLH+DiWniOlNbLDw=
gopkg.in/check.v1 v0.0.0-20161208181325-20d25e280405/go.mod h1:Co6ibVJAznAaIkqp8huTwlJQCZ016jof/cbN4VW5Yz0=
gopkg.in/check.v1 v1.0.0-20201130134442-10cb98267c6c h1:Hei/4ADfdWqJk1ZMxUNpqntNwaWcugrBjAiHlqqRiVk=
gopkg.in/check.v1 v1.0.0-20201130134442-10cb98267c6c/go.mod h1:JHkPIbrfpd72SG/EVd6muEfDQjcINNoR0C8j2r3qZ4Q=
gopkg.in/yaml.v2 v2.4.0 h1:D8xgwECY7CYvx+Y2n4sBz93Jn9JRvxdiyyo8CTfuKaY=
gopkg.in/yaml.v2 v2.4.0/go.mod h1:RDklbk79AGWmwhnvt/jBztapEOGDOx6ZbXqjP6csGnQ=
gopkg.in/yaml.v3 v3.0.1 h1:fxVm/GzAzEWqLHuvctI91KS9hhNmmWOoWu0XTYJS7CA=
gopkg.in/yaml.v3 v3.0.1/go.mod h1:K4uyk7z7BCEPqu6E+C64Yfv1cQ7kz7rIZviUmN+EgEM=
